{
  "name": "ssdiskdb",
  "version": "1.0.0",
  "lockfileVersion": 3,
  "requires": true,
  "packages": {
    "": {
      "name": "ssdiskdb",
      "version": "1.0.0",
      "license": "MIT",
      "dependencies": {
        "ssdb": "^0.3.8"
      },
      "devDependencies": {
        "@types/node": "^24.0.0",
        "typescript": "^5.9.0"
      }
    },
    "node_modules/@types/node": {
      "version": "24.13.0",
      "resolved": "https://registry.npmjs.org/@types/node/-/node-24.13.0.tgz",
      "integrity": "sha512-5vtOqGQr4NJKeEzV441FcOi2MeG9UTWq9LqVLGneDdu4vlX17H8kQ2PA2UmNwCUGPVDj4oBjNhS7ReVEIWJJrg==",
      "dev": true,
      "license": "MIT",
      "dependencies": {
        "undici-types": "~7.18.0"
      }
    },
    "node_modules/create-error.js": {
      "version": "0.0.5",
      "resolved": "https://registry.npmjs.org/create-error.js/-/create-error.js-0.0.5.tgz",
      "integrity": "sha512-ejK8XDh3hBAQF0CL8n47B8OERvt6Sp6KpHvO2UaELRnLjlJuulvc3dQaUXqN+JYcS9F9Z88QEPO3Ht2rEPJbWw==",
      "license": "MIT"
    },
    "node_modules/promisify.js": {
      "version": "0.0.1",
      "resolved": "https://registry.npmjs.org/promisify.js/-/promisify.js-0.0.1.tgz",
      "integrity": "sha512-DR6GuJaHb/Tx8CoIwIcV57e053m+3C4ClRyLksOYJX4Mc50ZswQ7lX3t3cogQuJXtHh1g34yF2fA1eJdy31bPw==",
      "license": "MIT"
    },
    "node_modules/ssdb": {
      "version": "0.3.8",
      "resolved": "https://registry.npmjs.org/ssdb/-/ssdb-0.3.8.tgz",
      "integrity": "sha512-ZO2zLxncFr7W3mY5hZw3sG2EUMOWh0vQqLwta4uejZat3kJ3WP7wiPHuis+wo9H+u6MYkU2dHklyboXGD150DQ==",
      "license": "MIT",
      "dependencies": {
        "create-error.js": "~0.0.5",
        "promisify.js": "~0.0.1"
      },
      "engines": {
        "iojs": ">= 1.0.4",
        "node": ">= 0.10.30"
      }
    },
    "node_modules/typescript": {
      "version": "5.9.3",
      "resolved": "https://registry.npmjs.org/typescript/-/typescript-5.9.3.tgz",
      "integrity": "sha512-jl1vZzPDinLr9eUt3J/t7V6FgNEw9QjvBPdysz9KfQDD41fQrC2Y4vKQdiaUpFT4bXlb1RHhLpp8wtm6M5TgSw==",
      "dev": true,
      "license": "Apache-2.0",
      "bin": {
        "tsc": "bin/tsc",
        "tsserver": "bin/tsserver"
      },
      "engines": {
        "node": ">=14.17"
      }
    },
    "node_modules/undici-types": {
      "version": "7.18.2",
      "resolved": "https://registry.npmjs.org/undici-types/-/undici-types-7.18.2.tgz",
      "integrity": "sha512-AsuCzffGHJybSaRrmr5eHr81mwJU3kjw6M+uprWvCXiNeN9SOGwQ3Jn8jb8m3Z6izVgknn1R0FTCEAP2QrLY/w==",
      "dev": true,
      "license": "MIT"
    }
  }
}
